{
  "name": "teg-carpet-steam-cleaning",
  "version": "1.0.0",
  "lockfileVersion": 3,
  "requires": true,
  "packages": {
    "": {
      "name": "teg-carpet-steam-cleaning",
      "version": "1.0.0",
      "dependencies": {
        "cors": "^2.8.5",
        "express": "^4.21.2",
        "multer": "^2.4.0",
        "nodemailer": "^10.0.13"
      },
      "engines": {
        "node": ">=18"
      }
    }
  }
}
